
Microsoft Visual Studio Solution File, Format Version 12.00
# Visual Studio Version 16
VisualStudioVersion = 16.0.31112.23
MinimumVisualStudioVersion = 10.0.40219.1
Project("{2150E333-8FDC-42A3-9474-1A3956D46DE8}") = "Solution Items", "Solution Items", "{719CFBB3-05E7-42AD-ACDB-EE3FBFB29579}"
	ProjectSection(SolutionItems) = preProject
		readme.md = readme.md
	EndProjectSection
EndProject
Project("{2150E333-8FDC-42A3-9474-1A3956D46DE8}") = "src", "src", "{B27B7B5A-63CF-4A54-9AEB-39B5BD821BBD}"
EndProject
Project("{9A19103F-16F7-4668-BE54-9A1E7A4F7556}") = "Api", "src\Api\Api.csproj", "{9711288F-4775-44CE-B748-A153D66A63A1}"
EndProject
Project("{9A19103F-16F7-4668-BE54-9A1E7A4F7556}") = "GrainInterfaces", "src\GrainInterfaces\GrainInterfaces.csproj", "{710A2FB1-448E-4556-9B7E-F3B2CDC0EE1D}"
EndProject
Project("{9A19103F-16F7-4668-BE54-9A1E7A4F7556}") = "Grains", "src\Grains\Grains.csproj", "{864F0AE3-C10D-4DB3-B474-F522E7EAE82B}"
EndProject
Project("{2150E333-8FDC-42A3-9474-1A3956D46DE8}") = "test", "test", "{6396D440-7AC2-4816-BD29-9F5E62419884}"
EndProject
Project("{2150E333-8FDC-42A3-9474-1A3956D46DE8}") = "integration", "integration", "{9731F32D-EA3A-47C5-9DDE-852D6CC98A7F}"
EndProject
Project("{2150E333-8FDC-42A3-9474-1A3956D46DE8}") = "unit", "unit", "{ACA0029D-F3AD-48F6-81F1-5F286609E64F}"
EndProject
Project("{9A19103F-16F7-4668-BE54-9A1E7A4F7556}") = "Grains.IntegrationTests", "test\integration\GrainTests\Grains.IntegrationTests.csproj", "{FCE383C8-CD00-4315-959B-7461994627DE}"
EndProject
Project("{9A19103F-16F7-4668-BE54-9A1E7A4F7556}") = "Api.IntegrationTests", "test\integration\ApiTests\Api.IntegrationTests.csproj", "{65513C40-5C16-44B5-AF51-07AE34AF7AF3}"
EndProject
Project("{9A19103F-16F7-4668-BE54-9A1E7A4F7556}") = "Grain.UnitTests", "test\unit\GrainTests\Grain.UnitTests.csproj", "{B3E4FE94-C217-44B6-A5D0-C6D2C21CECCD}"
EndProject
Global
	GlobalSection(SolutionConfigurationPlatforms) = preSolution
		Debug|Any CPU = Debug|Any CPU
		Release|Any CPU = Release|Any CPU
	EndGlobalSection
	GlobalSection(ProjectConfigurationPlatforms) = postSolution
		{9711288F-4775-44CE-B748-A153D66A63A1}.Debug|Any CPU.ActiveCfg = Debug|Any CPU
		{9711288F-4775-44CE-B748-A153D66A63A1}.Debug|Any CPU.Build.0 = Debug|Any CPU
		{9711288F-4775-44CE-B748-A153D66A63A1}.Release|Any CPU.ActiveCfg = Release|Any CPU
		{9711288F-4775-44CE-B748-A153D66A63A1}.Release|Any CPU.Build.0 = Release|Any CPU
		{710A2FB1-448E-4556-9B7E-F3B2CDC0EE1D}.Debug|Any CPU.ActiveCfg = Debug|Any CPU
		{710A2FB1-448E-4556-9B7E-F3B2CDC0EE1D}.Debug|Any CPU.Build.0 = Debug|Any CPU
		{710A2FB1-448E-4556-9B7E-F3B2CDC0EE1D}.Release|Any CPU.ActiveCfg = Release|Any CPU
		{710A2FB1-448E-4556-9B7E-F3B2CDC0EE1D}.Release|Any CPU.Build.0 = Release|Any CPU
		{864F0AE3-C10D-4DB3-B474-F522E7EAE82B}.Debug|Any CPU.ActiveCfg = Debug|Any CPU
		{864F0AE3-C10D-4DB3-B474-F522E7EAE82B}.Debug|Any CPU.Build.0 = Debug|Any CPU
		{864F0AE3-C10D-4DB3-B474-F522E7EAE82B}.Release|Any CPU.ActiveCfg = Release|Any CPU
		{864F0AE3-C10D-4DB3-B474-F522E7EAE82B}.Release|Any CPU.Build.0 = Release|Any CPU
		{FCE383C8-CD00-4315-959B-7461994627DE}.Debug|Any CPU.ActiveCfg = Debug|Any CPU
		{FCE383C8-CD00-4315-959B-7461994627DE}.Debug|Any CPU.Build.0 = Debug|Any CPU
		{FCE383C8-CD00-4315-959B-7461994627DE}.Release|Any CPU.ActiveCfg = Release|Any CPU
		{FCE383C8-CD00-4315-959B-7461994627DE}.Release|Any CPU.Build.0 = Release|Any CPU
		{65513C40-5C16-44B5-AF51-07AE34AF7AF3}.Debug|Any CPU.ActiveCfg = Debug|Any CPU
		{65513C40-5C16-44B5-AF51-07AE34AF7AF3}.Debug|Any CPU.Build.0 = Debug|Any CPU
		{65513C40-5C16-44B5-AF51-07AE34AF7AF3}.Release|Any CPU.ActiveCfg = Release|Any CPU
		{65513C40-5C16-44B5-AF51-07AE34AF7AF3}.Release|Any CPU.Build.0 = Release|Any CPU
		{B3E4FE94-C217-44B6-A5D0-C6D2C21CECCD}.Debug|Any CPU.ActiveCfg = Debug|Any CPU
		{B3E4FE94-C217-44B6-A5D0-C6D2C21CECCD}.Debug|Any CPU.Build.0 = Debug|Any CPU
		{B3E4FE94-C217-44B6-A5D0-C6D2C21CECCD}.Release|Any CPU.ActiveCfg = Release|Any CPU
		{B3E4FE94-C217-44B6-A5D0-C6D2C21CECCD}.Release|Any CPU.Build.0 = Release|Any CPU
	EndGlobalSection
	GlobalSection(SolutionProperties) = preSolution
		HideSolutionNode = FALSE
	EndGlobalSection
	GlobalSection(NestedProjects) = preSolution
		{9711288F-4775-44CE-B748-A153D66A63A1} = {B27B7B5A-63CF-4A54-9AEB-39B5BD821BBD}
		{710A2FB1-448E-4556-9B7E-F3B2CDC0EE1D} = {B27B7B5A-63CF-4A54-9AEB-39B5BD821BBD}
		{864F0AE3-C10D-4DB3-B474-F522E7EAE82B} = {B27B7B5A-63CF-4A54-9AEB-39B5BD821BBD}
		{9731F32D-EA3A-47C5-9DDE-852D6CC98A7F} = {6396D440-7AC2-4816-BD29-9F5E62419884}
		{ACA0029D-F3AD-48F6-81F1-5F286609E64F} = {6396D440-7AC2-4816-BD29-9F5E62419884}
		{FCE383C8-CD00-4315-959B-7461994627DE} = {9731F32D-EA3A-47C5-9DDE-852D6CC98A7F}
		{65513C40-5C16-44B5-AF51-07AE34AF7AF3} = {9731F32D-EA3A-47C5-9DDE-852D6CC98A7F}
		{B3E4FE94-C217-44B6-A5D0-C6D2C21CECCD} = {ACA0029D-F3AD-48F6-81F1-5F286609E64F}
	EndGlobalSection
	GlobalSection(ExtensibilityGlobals) = postSolution
		SolutionGuid = {99EF6D98-7E40-4480-9444-26ABFA9830CF}
	EndGlobalSection
EndGlobal
